
Microsoft Visual Studio Solution File, Format Version 12.00
# Visual Studio 14
VisualStudioVersion = 14.0.25420.1
MinimumVisualStudioVersion = 10.0.40219.1
Project("{FAE04EC0-301F-11D3-BF4B-00C04F79EFBC}") = "Election", "Election\Election.csproj", "{65A7E5A6-3ADB-4E92-ADB0-FEC37724A5D8}"
EndProject
Project("{FAE04EC0-301F-11D3-BF4B-00C04F79EFBC}") = "Election.Tests", "Election.Tests\Election.Tests.csproj", "{795F56E2-090A-4019-A54D-3A6A41CBBAD0}"
EndProject
Global
	GlobalSection(SolutionConfigurationPlatforms) = preSolution
		Debug|Any CPU = Debug|Any CPU
		Release|Any CPU = Release|Any CPU
	EndGlobalSection
	GlobalSection(ProjectConfigurationPlatforms) = postSolution
		{65A7E5A6-3ADB-4E92-ADB0-FEC37724A5D8}.Debug|Any CPU.ActiveCfg = Debug|Any CPU
		{65A7E5A6-3ADB-4E92-ADB0-FEC37724A5D8}.Debug|Any CPU.Build.0 = Debug|Any CPU
		{65A7E5A6-3ADB-4E92-ADB0-FEC37724A5D8}.Release|Any CPU.ActiveCfg = Release|Any CPU
		{65A7E5A6-3ADB-4E92-ADB0-FEC37724A5D8}.Release|Any CPU.Build.0 = Release|Any CPU
		{795F56E2-090A-4019-A54D-3A6A41CBBAD0}.Debug|Any CPU.ActiveCfg = Debug|Any CPU
		{795F56E2-090A-4019-A54D-3A6A41CBBAD0}.Debug|Any CPU.Build.0 = Debug|Any CPU
		{795F56E2-090A-4019-A54D-3A6A41CBBAD0}.Release|Any CPU.ActiveCfg = Release|Any CPU
		{795F56E2-090A-4019-A54D-3A6A41CBBAD0}.Release|Any CPU.Build.0 = Release|Any CPU
	EndGlobalSection
	GlobalSection(SolutionProperties) = preSolution
		HideSolutionNode = FALSE
	EndGlobalSection
EndGlobal
